
Microsoft Visual Studio Solution File, Format Version 12.00
# Visual Studio 14
VisualStudioVersion = 14.0.25420.1
MinimumVisualStudioVersion = 10.0.40219.1
Project("{FAE04EC0-301F-11D3-BF4B-00C04F79EFBC}") = "Strategy", "Strategy\Strategy.csproj", "{70A89981-68F8-4412-B51B-C45FAC443015}"
EndProject
Project("{FAE04EC0-301F-11D3-BF4B-00C04F79EFBC}") = "Decorator", "Decorator\Decorator.csproj", "{12612421-5950-4D1B-9113-1EB3F826DDC7}"
EndProject
Project("{FAE04EC0-301F-11D3-BF4B-00C04F79EFBC}") = "Proxy", "Proxy\Proxy.csproj", "{4676913A-C37F-450C-B1DA-9E777459F901}"
EndProject
Project("{FAE04EC0-301F-11D3-BF4B-00C04F79EFBC}") = "FactoryMethod", "FactoryMethod\FactoryMethod.csproj", "{F332E04C-0E50-4C46-8D9B-D1AA48C871B3}"
EndProject
Project("{FAE04EC0-301F-11D3-BF4B-00C04F79EFBC}") = "Prototype", "Prototype\Prototype.csproj", "{18BF1B32-B638-4877-9B9E-696974A05326}"
EndProject
Project("{FAE04EC0-301F-11D3-BF4B-00C04F79EFBC}") = "TemplateMethod", "TemplateMethod\TemplateMethod.csproj", "{9EEAB2F2-6C3A-4763-94F8-54C856007A28}"
EndProject
Project("{FAE04EC0-301F-11D3-BF4B-00C04F79EFBC}") = "Facade", "Facade\Facade.csproj", "{F107A886-0C10-437C-BDAE-88FAE9858132}"
EndProject
Project("{FAE04EC0-301F-11D3-BF4B-00C04F79EFBC}") = "Builder", "Builder\Builder.csproj", "{18F0191C-523B-4CDD-B8FD-C9757972EBAA}"
EndProject
Project("{2150E333-8FDC-42A3-9474-1A3956D46DE8}") = "GOF", "GOF", "{257EFEAB-39B3-479A-8631-6B4C9BF95A9E}"
EndProject
Project("{FAE04EC0-301F-11D3-BF4B-00C04F79EFBC}") = "Publish_Subscribe", "Publish_Subscribe\Publish_Subscribe.csproj", "{4FB9EF57-7947-45B5-B704-1C92895D3012}"
EndProject
Project("{FAE04EC0-301F-11D3-BF4B-00C04F79EFBC}") = "Abstract_Factory", "Abstract_Factory\Abstract_Factory.csproj", "{FA47F1B1-27AE-45D9-A6BB-5022BA84EE2B}"
EndProject
Project("{FAE04EC0-301F-11D3-BF4B-00C04F79EFBC}") = "State", "State\State.csproj", "{0CF1C704-7DD5-4EEE-B4D9-25345EAD9F87}"
EndProject
Project("{FAE04EC0-301F-11D3-BF4B-00C04F79EFBC}") = "Adapter", "Adapter\Adapter.csproj", "{7B8097D0-6DE1-499E-92DF-0A968EF7DCCD}"
EndProject
Project("{FAE04EC0-301F-11D3-BF4B-00C04F79EFBC}") = "Momento", "Momento\Momento.csproj", "{C73A115C-A782-4021-927B-6D3DFB2DD349}"
EndProject
Project("{FAE04EC0-301F-11D3-BF4B-00C04F79EFBC}") = "Composite", "Composite\Composite.csproj", "{2BA28E39-A6B2-46F8-A6EC-B017D2D121FF}"
EndProject
Project("{FAE04EC0-301F-11D3-BF4B-00C04F79EFBC}") = "MyIterator", "MyIterator\MyIterator.csproj", "{D6D715DA-1BA5-471F-BCD9-B8D78A92FB35}"
EndProject
Project("{FAE04EC0-301F-11D3-BF4B-00C04F79EFBC}") = "Singleton", "Singleton\Singleton.csproj", "{3074F20A-16ED-4B96-BA5A-8D213EBA1D09}"
EndProject
Project("{FAE04EC0-301F-11D3-BF4B-00C04F79EFBC}") = "Bridge", "Bridge\Bridge.csproj", "{A26F0CA6-CA8E-4FB7-8563-4D22E47CCFB3}"
EndProject
Project("{FAE04EC0-301F-11D3-BF4B-00C04F79EFBC}") = "Command", "Command\Command.csproj", "{09EA65C3-C555-47D9-B492-C0754C1AC4D3}"
EndProject
Project("{FAE04EC0-301F-11D3-BF4B-00C04F79EFBC}") = "ChainOfResponsibility", "ChainOfResponsibility\ChainOfResponsibility.csproj", "{B3FDE7F0-6818-411D-A219-55A2DD4F0F46}"
EndProject
Project("{FAE04EC0-301F-11D3-BF4B-00C04F79EFBC}") = "Mediator", "Mediator\Mediator.csproj", "{224D9D65-3236-427F-A588-6EDBF51784C3}"
EndProject
Project("{FAE04EC0-301F-11D3-BF4B-00C04F79EFBC}") = "Flyweight", "Flyweight\Flyweight.csproj", "{359E3A2D-50B6-4865-ADAA-C20FC326641A}"
EndProject
Project("{FAE04EC0-301F-11D3-BF4B-00C04F79EFBC}") = "Interpreter", "Interpreter\Interpreter.csproj", "{43E27119-9EEF-44F4-A51C-0DA734CE2F9E}"
EndProject
Project("{FAE04EC0-301F-11D3-BF4B-00C04F79EFBC}") = "Visitor", "Visitor\Visitor.csproj", "{BD307E2C-D1B4-4727-8E5B-726355F713AF}"
EndProject
Project("{FAE04EC0-301F-11D3-BF4B-00C04F79EFBC}") = "OperationFactory", "OperationFactory\OperationFactory.csproj", "{7AC84021-72D0-4412-BBDF-D43F5A503C05}"
EndProject
Global
	GlobalSection(SolutionConfigurationPlatforms) = preSolution
		Debug|Any CPU = Debug|Any CPU
		Release|Any CPU = Release|Any CPU
	EndGlobalSection
	GlobalSection(ProjectConfigurationPlatforms) = postSolution
		{70A89981-68F8-4412-B51B-C45FAC443015}.Debug|Any CPU.ActiveCfg = Debug|Any CPU
		{70A89981-68F8-4412-B51B-C45FAC443015}.Debug|Any CPU.Build.0 = Debug|Any CPU
		{70A89981-68F8-4412-B51B-C45FAC443015}.Release|Any CPU.ActiveCfg = Release|Any CPU
		{70A89981-68F8-4412-B51B-C45FAC443015}.Release|Any CPU.Build.0 = Release|Any CPU
		{12612421-5950-4D1B-9113-1EB3F826DDC7}.Debug|Any CPU.ActiveCfg = Debug|Any CPU
		{12612421-5950-4D1B-9113-1EB3F826DDC7}.Debug|Any CPU.Build.0 = Debug|Any CPU
		{12612421-5950-4D1B-9113-1EB3F826DDC7}.Release|Any CPU.ActiveCfg = Release|Any CPU
		{12612421-5950-4D1B-9113-1EB3F826DDC7}.Release|Any CPU.Build.0 = Release|Any CPU
		{4676913A-C37F-450C-B1DA-9E777459F901}.Debug|Any CPU.ActiveCfg = Debug|Any CPU
		{4676913A-C37F-450C-B1DA-9E777459F901}.Debug|Any CPU.Build.0 = Debug|Any CPU
		{4676913A-C37F-450C-B1DA-9E777459F901}.Release|Any CPU.ActiveCfg = Release|Any CPU
		{4676913A-C37F-450C-B1DA-9E777459F901}.Release|Any CPU.Build.0 = Release|Any CPU
		{F332E04C-0E50-4C46-8D9B-D1AA48C871B3}.Debug|Any CPU.ActiveCfg = Debug|Any CPU
		{F332E04C-0E50-4C46-8D9B-D1AA48C871B3}.Debug|Any CPU.Build.0 = Debug|Any CPU
		{F332E04C-0E50-4C46-8D9B-D1AA48C871B3}.Release|Any CPU.ActiveCfg = Release|Any CPU
		{F332E04C-0E50-4C46-8D9B-D1AA48C871B3}.Release|Any CPU.Build.0 = Release|Any CPU
		{18BF1B32-B638-4877-9B9E-696974A05326}.Debug|Any CPU.ActiveCfg = Debug|Any CPU
		{18BF1B32-B638-4877-9B9E-696974A05326}.Debug|Any CPU.Build.0 = Debug|Any CPU
		{18BF1B32-B638-4877-9B9E-696974A05326}.Release|Any CPU.ActiveCfg = Release|Any CPU
		{18BF1B32-B638-4877-9B9E-696974A05326}.Release|Any CPU.Build.0 = Release|Any CPU
		{9EEAB2F2-6C3A-4763-94F8-54C856007A28}.Debug|Any CPU.ActiveCfg = Debug|Any CPU
		{9EEAB2F2-6C3A-4763-94F8-54C856007A28}.Debug|Any CPU.Build.0 = Debug|Any CPU
		{9EEAB2F2-6C3A-4763-94F8-54C856007A28}.Release|Any CPU.ActiveCfg = Release|Any CPU
		{9EEAB2F2-6C3A-4763-94F8-54C856007A28}.Release|Any CPU.Build.0 = Release|Any CPU
		{F107A886-0C10-437C-BDAE-88FAE9858132}.Debug|Any CPU.ActiveCfg = Debug|Any CPU
		{F107A886-0C10-437C-BDAE-88FAE9858132}.Debug|Any CPU.Build.0 = Debug|Any CPU
		{F107A886-0C10-437C-BDAE-88FAE9858132}.Release|Any CPU.ActiveCfg = Release|Any CPU
		{F107A886-0C10-437C-BDAE-88FAE9858132}.Release|Any CPU.Build.0 = Release|Any CPU
		{18F0191C-523B-4CDD-B8FD-C9757972EBAA}.Debug|Any CPU.ActiveCfg = Debug|Any CPU
		{18F0191C-523B-4CDD-B8FD-C9757972EBAA}.Debug|Any CPU.Build.0 = Debug|Any CPU
		{18F0191C-523B-4CDD-B8FD-C9757972EBAA}.Release|Any CPU.ActiveCfg = Release|Any CPU
		{18F0191C-523B-4CDD-B8FD-C9757972EBAA}.Release|Any CPU.Build.0 = Release|Any CPU
		{4FB9EF57-7947-45B5-B704-1C92895D3012}.Debug|Any CPU.ActiveCfg = Debug|Any CPU
		{4FB9EF57-7947-45B5-B704-1C92895D3012}.Debug|Any CPU.Build.0 = Debug|Any CPU
		{4FB9EF57-7947-45B5-B704-1C92895D3012}.Release|Any CPU.ActiveCfg = Release|Any CPU
		{4FB9EF57-7947-45B5-B704-1C92895D3012}.Release|Any CPU.Build.0 = Release|Any CPU
		{FA47F1B1-27AE-45D9-A6BB-5022BA84EE2B}.Debug|Any CPU.ActiveCfg = Debug|Any CPU
		{FA47F1B1-27AE-45D9-A6BB-5022BA84EE2B}.Debug|Any CPU.Build.0 = Debug|Any CPU
		{FA47F1B1-27AE-45D9-A6BB-5022BA84EE2B}.Release|Any CPU.ActiveCfg = Release|Any CPU
		{FA47F1B1-27AE-45D9-A6BB-5022BA84EE2B}.Release|Any CPU.Build.0 = Release|Any CPU
		{0CF1C704-7DD5-4EEE-B4D9-25345EAD9F87}.Debug|Any CPU.ActiveCfg = Debug|Any CPU
		{0CF1C704-7DD5-4EEE-B4D9-25345EAD9F87}.Debug|Any CPU.Build.0 = Debug|Any CPU
		{0CF1C704-7DD5-4EEE-B4D9-25345EAD9F87}.Release|Any CPU.ActiveCfg = Release|Any CPU
		{0CF1C704-7DD5-4EEE-B4D9-25345EAD9F87}.Release|Any CPU.Build.0 = Release|Any CPU
		{7B8097D0-6DE1-499E-92DF-0A968EF7DCCD}.Debug|Any CPU.ActiveCfg = Debug|Any CPU
		{7B8097D0-6DE1-499E-92DF-0A968EF7DCCD}.Debug|Any CPU.Build.0 = Debug|Any CPU
		{7B8097D0-6DE1-499E-92DF-0A968EF7DCCD}.Release|Any CPU.ActiveCfg = Release|Any CPU
		{7B8097D0-6DE1-499E-92DF-0A968EF7DCCD}.Release|Any CPU.Build.0 = Release|Any CPU
		{C73A115C-A782-4021-927B-6D3DFB2DD349}.Debug|Any CPU.ActiveCfg = Debug|Any CPU
		{C73A115C-A782-4021-927B-6D3DFB2DD349}.Debug|Any CPU.Build.0 = Debug|Any CPU
		{C73A115C-A782-4021-927B-6D3DFB2DD349}.Release|Any CPU.ActiveCfg = Release|Any CPU
		{C73A115C-A782-4021-927B-6D3DFB2DD349}.Release|Any CPU.Build.0 = Release|Any CPU
		{2BA28E39-A6B2-46F8-A6EC-B017D2D121FF}.Debug|Any CPU.ActiveCfg = Debug|Any CPU
		{2BA28E39-A6B2-46F8-A6EC-B017D2D121FF}.Debug|Any CPU.Build.0 = Debug|Any CPU
		{2BA28E39-A6B2-46F8-A6EC-B017D2D121FF}.Release|Any CPU.ActiveCfg = Release|Any CPU
		{2BA28E39-A6B2-46F8-A6EC-B017D2D121FF}.Release|Any CPU.Build.0 = Release|Any CPU
		{D6D715DA-1BA5-471F-BCD9-B8D78A92FB35}.Debug|Any CPU.ActiveCfg = Debug|Any CPU
		{D6D715DA-1BA5-471F-BCD9-B8D78A92FB35}.Debug|Any CPU.Build.0 = Debug|Any CPU
		{D6D715DA-1BA5-471F-BCD9-B8D78A92FB35}.Release|Any CPU.ActiveCfg = Release|Any CPU
		{D6D715DA-1BA5-471F-BCD9-B8D78A92FB35}.Release|Any CPU.Build.0 = Release|Any CPU
		{3074F20A-16ED-4B96-BA5A-8D213EBA1D09}.Debug|Any CPU.ActiveCfg = Debug|Any CPU
		{3074F20A-16ED-4B96-BA5A-8D213EBA1D09}.Debug|Any CPU.Build.0 = Debug|Any CPU
		{3074F20A-16ED-4B96-BA5A-8D213EBA1D09}.Release|Any CPU.ActiveCfg = Release|Any CPU
		{3074F20A-16ED-4B96-BA5A-8D213EBA1D09}.Release|Any CPU.Build.0 = Release|Any CPU
		{A26F0CA6-CA8E-4FB7-8563-4D22E47CCFB3}.Debug|Any CPU.ActiveCfg = Debug|Any CPU
		{A26F0CA6-CA8E-4FB7-8563-4D22E47CCFB3}.Debug|Any CPU.Build.0 = Debug|Any CPU
		{A26F0CA6-CA8E-4FB7-8563-4D22E47CCFB3}.Release|Any CPU.ActiveCfg = Release|Any CPU
		{A26F0CA6-CA8E-4FB7-8563-4D22E47CCFB3}.Release|Any CPU.Build.0 = Release|Any CPU
		{09EA65C3-C555-47D9-B492-C0754C1AC4D3}.Debug|Any CPU.ActiveCfg = Debug|Any CPU
		{09EA65C3-C555-47D9-B492-C0754C1AC4D3}.Debug|Any CPU.Build.0 = Debug|Any CPU
		{09EA65C3-C555-47D9-B492-C0754C1AC4D3}.Release|Any CPU.ActiveCfg = Release|Any CPU
		{09EA65C3-C555-47D9-B492-C0754C1AC4D3}.Release|Any CPU.Build.0 = Release|Any CPU
		{B3FDE7F0-6818-411D-A219-55A2DD4F0F46}.Debug|Any CPU.ActiveCfg = Debug|Any CPU
		{B3FDE7F0-6818-411D-A219-55A2DD4F0F46}.Debug|Any CPU.Build.0 = Debug|Any CPU
		{B3FDE7F0-6818-411D-A219-55A2DD4F0F46}.Release|Any CPU.ActiveCfg = Release|Any CPU
		{B3FDE7F0-6818-411D-A219-55A2DD4F0F46}.Release|Any CPU.Build.0 = Release|Any CPU
		{224D9D65-3236-427F-A588-6EDBF51784C3}.Debug|Any CPU.ActiveCfg = Debug|Any CPU
		{224D9D65-3236-427F-A588-6EDBF51784C3}.Debug|Any CPU.Build.0 = Debug|Any CPU
		{224D9D65-3236-427F-A588-6EDBF51784C3}.Release|Any CPU.ActiveCfg = Release|Any CPU
		{224D9D65-3236-427F-A588-6EDBF51784C3}.Release|Any CPU.Build.0 = Release|Any CPU
		{359E3A2D-50B6-4865-ADAA-C20FC326641A}.Debug|Any CPU.ActiveCfg = Debug|Any CPU
		{359E3A2D-50B6-4865-ADAA-C20FC326641A}.Debug|Any CPU.Build.0 = Debug|Any CPU
		{359E3A2D-50B6-4865-ADAA-C20FC326641A}.Release|Any CPU.ActiveCfg = Release|Any CPU
		{359E3A2D-50B6-4865-ADAA-C20FC326641A}.Release|Any CPU.Build.0 = Release|Any CPU
		{43E27119-9EEF-44F4-A51C-0DA734CE2F9E}.Debug|Any CPU.ActiveCfg = Debug|Any CPU
		{43E27119-9EEF-44F4-A51C-0DA734CE2F9E}.Debug|Any CPU.Build.0 = Debug|Any CPU
		{43E27119-9EEF-44F4-A51C-0DA734CE2F9E}.Release|Any CPU.ActiveCfg = Release|Any CPU
		{43E27119-9EEF-44F4-A51C-0DA734CE2F9E}.Release|Any CPU.Build.0 = Release|Any CPU
		{BD307E2C-D1B4-4727-8E5B-726355F713AF}.Debug|Any CPU.ActiveCfg = Debug|Any CPU
		{BD307E2C-D1B4-4727-8E5B-726355F713AF}.Debug|Any CPU.Build.0 = Debug|Any CPU
		{BD307E2C-D1B4-4727-8E5B-726355F713AF}.Release|Any CPU.ActiveCfg = Release|Any CPU
		{BD307E2C-D1B4-4727-8E5B-726355F713AF}.Release|Any CPU.Build.0 = Release|Any CPU
		{7AC84021-72D0-4412-BBDF-D43F5A503C05}.Debug|Any CPU.ActiveCfg = Debug|Any CPU
		{7AC84021-72D0-4412-BBDF-D43F5A503C05}.Debug|Any CPU.Build.0 = Debug|Any CPU
		{7AC84021-72D0-4412-BBDF-D43F5A503C05}.Release|Any CPU.ActiveCfg = Release|Any CPU
		{7AC84021-72D0-4412-BBDF-D43F5A503C05}.Release|Any CPU.Build.0 = Release|Any CPU
	EndGlobalSection
	GlobalSection(SolutionProperties) = preSolution
		HideSolutionNode = FALSE
	EndGlobalSection
	GlobalSection(NestedProjects) = preSolution
		{70A89981-68F8-4412-B51B-C45FAC443015} = {257EFEAB-39B3-479A-8631-6B4C9BF95A9E}
		{12612421-5950-4D1B-9113-1EB3F826DDC7} = {257EFEAB-39B3-479A-8631-6B4C9BF95A9E}
		{4676913A-C37F-450C-B1DA-9E777459F901} = {257EFEAB-39B3-479A-8631-6B4C9BF95A9E}
		{F332E04C-0E50-4C46-8D9B-D1AA48C871B3} = {257EFEAB-39B3-479A-8631-6B4C9BF95A9E}
		{18BF1B32-B638-4877-9B9E-696974A05326} = {257EFEAB-39B3-479A-8631-6B4C9BF95A9E}
		{9EEAB2F2-6C3A-4763-94F8-54C856007A28} = {257EFEAB-39B3-479A-8631-6B4C9BF95A9E}
		{F107A886-0C10-437C-BDAE-88FAE9858132} = {257EFEAB-39B3-479A-8631-6B4C9BF95A9E}
		{18F0191C-523B-4CDD-B8FD-C9757972EBAA} = {257EFEAB-39B3-479A-8631-6B4C9BF95A9E}
		{4FB9EF57-7947-45B5-B704-1C92895D3012} = {257EFEAB-39B3-479A-8631-6B4C9BF95A9E}
		{FA47F1B1-27AE-45D9-A6BB-5022BA84EE2B} = {257EFEAB-39B3-479A-8631-6B4C9BF95A9E}
		{0CF1C704-7DD5-4EEE-B4D9-25345EAD9F87} = {257EFEAB-39B3-479A-8631-6B4C9BF95A9E}
		{7B8097D0-6DE1-499E-92DF-0A968EF7DCCD} = {257EFEAB-39B3-479A-8631-6B4C9BF95A9E}
		{C73A115C-A782-4021-927B-6D3DFB2DD349} = {257EFEAB-39B3-479A-8631-6B4C9BF95A9E}
		{2BA28E39-A6B2-46F8-A6EC-B017D2D121FF} = {257EFEAB-39B3-479A-8631-6B4C9BF95A9E}
		{D6D715DA-1BA5-471F-BCD9-B8D78A92FB35} = {257EFEAB-39B3-479A-8631-6B4C9BF95A9E}
		{3074F20A-16ED-4B96-BA5A-8D213EBA1D09} = {257EFEAB-39B3-479A-8631-6B4C9BF95A9E}
		{A26F0CA6-CA8E-4FB7-8563-4D22E47CCFB3} = {257EFEAB-39B3-479A-8631-6B4C9BF95A9E}
		{09EA65C3-C555-47D9-B492-C0754C1AC4D3} = {257EFEAB-39B3-479A-8631-6B4C9BF95A9E}
		{B3FDE7F0-6818-411D-A219-55A2DD4F0F46} = {257EFEAB-39B3-479A-8631-6B4C9BF95A9E}
		{224D9D65-3236-427F-A588-6EDBF51784C3} = {257EFEAB-39B3-479A-8631-6B4C9BF95A9E}
		{359E3A2D-50B6-4865-ADAA-C20FC326641A} = {257EFEAB-39B3-479A-8631-6B4C9BF95A9E}
		{43E27119-9EEF-44F4-A51C-0DA734CE2F9E} = {257EFEAB-39B3-479A-8631-6B4C9BF95A9E}
		{BD307E2C-D1B4-4727-8E5B-726355F713AF} = {257EFEAB-39B3-479A-8631-6B4C9BF95A9E}
		{7AC84021-72D0-4412-BBDF-D43F5A503C05} = {257EFEAB-39B3-479A-8631-6B4C9BF95A9E}
	EndGlobalSection
EndGlobal
